
Microsoft Visual Studio Solution File, Format Version 12.00
Project("{FAE04EC0-301F-11D3-BF4B-00C04F79EFBC}") = "Ex04.Menus.Delegates", "Ex04.Menus.Delegates\Ex04.Menus.Delegates.csproj", "{0C3E43A6-32FC-4414-8BED-8849EB088509}"
EndProject
Global
	GlobalSection(SolutionConfigurationPlatforms) = preSolution
		Debug|Any CPU = Debug|Any CPU
		Release|Any CPU = Release|Any CPU
	EndGlobalSection
	GlobalSection(ProjectConfigurationPlatforms) = postSolution
		{0C3E43A6-32FC-4414-8BED-8849EB088509}.Debug|Any CPU.ActiveCfg = Debug|Any CPU
		{0C3E43A6-32FC-4414-8BED-8849EB088509}.Debug|Any CPU.Build.0 = Debug|Any CPU
		{0C3E43A6-32FC-4414-8BED-8849EB088509}.Release|Any CPU.ActiveCfg = Release|Any CPU
		{0C3E43A6-32FC-4414-8BED-8849EB088509}.Release|Any CPU.Build.0 = Release|Any CPU
	EndGlobalSection
EndGlobal
